{
  "name": "@needle-tools/usd",
  "version": "1.0.0-alpha",
  "lockfileVersion": 3,
  "requires": true,
  "packages": {
    "": {
      "name": "@needle-tools/usd",
      "version": "1.0.0-alpha",
      "license": "ISC",
      "peerDependencies": {
        "three": "^0.164.1"
      }
    },
    "node_modules/three": {
      "version": "0.164.1",
      "resolved": "https://registry.npmjs.org/three/-/three-0.164.1.tgz",
      "integrity": "sha512-iC/hUBbl1vzFny7f5GtqzVXYjMJKaTPxiCxXfrvVdBi1Sf+jhd1CAkitiFwC7mIBFCo3MrDLJG97yisoaWig0w==",
      "peer": true
    }
  }
}
